
Microsoft Visual Studio Solution File, Format Version 12.00
# Visual Studio Version 16
VisualStudioVersion = 16.0.30114.105
MinimumVisualStudioVersion = 10.0.40219.1
Project("{FAE04EC0-301F-11D3-BF4B-00C04F79EFBC}") = "b", "b\b.csproj", "{0E6B081F-C95B-4CAB-B07B-CBEEC6EA4B52}"
EndProject
Project("{FAE04EC0-301F-11D3-BF4B-00C04F79EFBC}") = "b.Tests", "b.Tests\b.Tests.csproj", "{B45E8300-FE92-448E-A88B-D74C92183536}"
EndProject
Global
	GlobalSection(SolutionConfigurationPlatforms) = preSolution
		Debug|Any CPU = Debug|Any CPU
		Release|Any CPU = Release|Any CPU
	EndGlobalSection
	GlobalSection(SolutionProperties) = preSolution
		HideSolutionNode = FALSE
	EndGlobalSection
	GlobalSection(ProjectConfigurationPlatforms) = postSolution
		{0E6B081F-C95B-4CAB-B07B-CBEEC6EA4B52}.Debug|Any CPU.ActiveCfg = Debug|Any CPU
		{0E6B081F-C95B-4CAB-B07B-CBEEC6EA4B52}.Debug|Any CPU.Build.0 = Debug|Any CPU
		{0E6B081F-C95B-4CAB-B07B-CBEEC6EA4B52}.Release|Any CPU.ActiveCfg = Release|Any CPU
		{0E6B081F-C95B-4CAB-B07B-CBEEC6EA4B52}.Release|Any CPU.Build.0 = Release|Any CPU
		{B45E8300-FE92-448E-A88B-D74C92183536}.Debug|Any CPU.ActiveCfg = Debug|Any CPU
		{B45E8300-FE92-448E-A88B-D74C92183536}.Debug|Any CPU.Build.0 = Debug|Any CPU
		{B45E8300-FE92-448E-A88B-D74C92183536}.Release|Any CPU.ActiveCfg = Release|Any CPU
		{B45E8300-FE92-448E-A88B-D74C92183536}.Release|Any CPU.Build.0 = Release|Any CPU
	EndGlobalSection
EndGlobal
